
Microsoft Visual Studio Solution File, Format Version 12.00
# Visual Studio Version 17
VisualStudioVersion = 17.9.34622.214
MinimumVisualStudioVersion = 10.0.40219.1
Project("{FAE04EC0-301F-11D3-BF4B-00C04F79EFBC}") = "PeakFit.Web", "..\PeakFit\PeakFit.Web\PeakFit.Web.csproj", "{9F6021B3-B6F7-408E-B1B2-508E32C53F0F}"
EndProject
Global
	GlobalSection(SolutionConfigurationPlatforms) = preSolution
		Debug|Any CPU = Debug|Any CPU
		Release|Any CPU = Release|Any CPU
	EndGlobalSection
	GlobalSection(ProjectConfigurationPlatforms) = postSolution
		{9F6021B3-B6F7-408E-B1B2-508E32C53F0F}.Debug|Any CPU.ActiveCfg = Debug|Any CPU
		{9F6021B3-B6F7-408E-B1B2-508E32C53F0F}.Debug|Any CPU.Build.0 = Debug|Any CPU
		{9F6021B3-B6F7-408E-B1B2-508E32C53F0F}.Release|Any CPU.ActiveCfg = Release|Any CPU
		{9F6021B3-B6F7-408E-B1B2-508E32C53F0F}.Release|Any CPU.Build.0 = Release|Any CPU
	EndGlobalSection
	GlobalSection(SolutionProperties) = preSolution
		HideSolutionNode = FALSE
	EndGlobalSection
	GlobalSection(ExtensibilityGlobals) = postSolution
		SolutionGuid = {529D40BB-647C-4487-8EBD-2821CFD8DFC5}
	EndGlobalSection
EndGlobal
